
Microsoft Visual Studio Solution File, Format Version 12.00
# Visual Studio Version 16
VisualStudioVersion = 16.0.30711.63
MinimumVisualStudioVersion = 10.0.40219.1
Project("{FAE04EC0-301F-11D3-BF4B-00C04F79EFBC}") = "bot+bd", "bot+bd.csproj", "{0765925F-C202-446C-8478-F82A83D6CE6C}"
EndProject
Global
	GlobalSection(SolutionConfigurationPlatforms) = preSolution
		Debug|Any CPU = Debug|Any CPU
		Release|Any CPU = Release|Any CPU
	EndGlobalSection
	GlobalSection(ProjectConfigurationPlatforms) = postSolution
		{0765925F-C202-446C-8478-F82A83D6CE6C}.Debug|Any CPU.ActiveCfg = Debug|Any CPU
		{0765925F-C202-446C-8478-F82A83D6CE6C}.Debug|Any CPU.Build.0 = Debug|Any CPU
		{0765925F-C202-446C-8478-F82A83D6CE6C}.Release|Any CPU.ActiveCfg = Release|Any CPU
		{0765925F-C202-446C-8478-F82A83D6CE6C}.Release|Any CPU.Build.0 = Release|Any CPU
	EndGlobalSection
	GlobalSection(SolutionProperties) = preSolution
		HideSolutionNode = FALSE
	EndGlobalSection
	GlobalSection(ExtensibilityGlobals) = postSolution
		SolutionGuid = {7CFD7353-C30D-4879-BF56-4007042A738D}
	EndGlobalSection
EndGlobal
